
Microsoft Visual Studio Solution File, Format Version 12.00
# Visual Studio 15
VisualStudioVersion = 15.0.28010.2003
MinimumVisualStudioVersion = 10.0.40219.1
Project("{FAE04EC0-301F-11D3-BF4B-00C04F79EFBC}") = "Tennis", "Tennis\Tennis.csproj", "{E62307A8-481A-411A-B1DC-D40284427ED2}"
EndProject
Project("{FAE04EC0-301F-11D3-BF4B-00C04F79EFBC}") = "code temp", "code temp\code temp.csproj", "{D30F61A6-8374-4409-BF87-603731202E82}"
EndProject
Global
	GlobalSection(SolutionConfigurationPlatforms) = preSolution
		Debug|Any CPU = Debug|Any CPU
		Release|Any CPU = Release|Any CPU
	EndGlobalSection
	GlobalSection(ProjectConfigurationPlatforms) = postSolution
		{E62307A8-481A-411A-B1DC-D40284427ED2}.Debug|Any CPU.ActiveCfg = Debug|Any CPU
		{E62307A8-481A-411A-B1DC-D40284427ED2}.Debug|Any CPU.Build.0 = Debug|Any CPU
		{E62307A8-481A-411A-B1DC-D40284427ED2}.Release|Any CPU.ActiveCfg = Release|Any CPU
		{E62307A8-481A-411A-B1DC-D40284427ED2}.Release|Any CPU.Build.0 = Release|Any CPU
		{D30F61A6-8374-4409-BF87-603731202E82}.Debug|Any CPU.ActiveCfg = Debug|Any CPU
		{D30F61A6-8374-4409-BF87-603731202E82}.Debug|Any CPU.Build.0 = Debug|Any CPU
		{D30F61A6-8374-4409-BF87-603731202E82}.Release|Any CPU.ActiveCfg = Release|Any CPU
		{D30F61A6-8374-4409-BF87-603731202E82}.Release|Any CPU.Build.0 = Release|Any CPU
	EndGlobalSection
	GlobalSection(SolutionProperties) = preSolution
		HideSolutionNode = FALSE
	EndGlobalSection
	GlobalSection(ExtensibilityGlobals) = postSolution
		SolutionGuid = {AAB1157E-0ACE-4D2F-AC46-947095C8A11A}
	EndGlobalSection
EndGlobal
